# This file is automatically @generated by Poetry 1.6.0 and should not be changed by hand.

[[package]]
name = "argparse"
version = "1.4.0"
description = "Python command-line parsing library"
optional = false
python-versions = "*"
files = [
    {file = "argparse-1.4.0-py2.py3-none-any.whl", hash = "sha256:c31647edb69fd3d465a847ea3157d37bed1f95f19760b11a47aa91c04b666314"},
    {file = "argparse-1.4.0.tar.gz", hash = "sha256:62b089a55be1d8949cd2bc7e0df0bddb9e028faefc8c32038cc84862aefdd6e4"},
]

[[package]]
name = "catkin-pkg"
version = "1.0.0"
description = "catkin package library"
optional = false
python-versions = ">=3.6"
files = [
    {file = "catkin_pkg-1.0.0-py3-none-any.whl", hash = "sha256:10a6589e9edf3cd5bd18e35e094d20b516e6351bcf0da891c28a0ff526fdb7cc"},
    {file = "catkin_pkg-1.0.0.tar.gz", hash = "sha256:476e9f52917282f464739241b4bcaf5ebbfba9a7a68d9af8f875225feac0e1b5"},
]

[package.dependencies]
docutils = "*"
pyparsing = "*"
python-dateutil = "*"
setuptools = "*"

[package.extras]
test = ["flake8", "flake8-blind-except", "flake8-builtins", "flake8-class-newline", "flake8-comprehensions", "flake8-deprecated", "flake8-docstrings", "flake8-import-order", "flake8-quotes", "pytest"]

[[package]]
name = "distro"
version = "1.8.0"
description = "Distro - an OS platform information API"
optional = false
python-versions = ">=3.6"
files = [
    {file = "distro-1.8.0-py3-none-any.whl", hash = "sha256:99522ca3e365cac527b44bde033f64c6945d90eb9f769703caaec52b09bbd3ff"},
    {file = "distro-1.8.0.tar.gz", hash = "sha256:02e111d1dc6a50abb8eed6bf31c3e48ed8b0830d1ea2a1b78c61765c2513fdd8"},
]

[[package]]
name = "docutils"
version = "0.20.1"
description = "Docutils -- Python Documentation Utilities"
optional = false
python-versions = ">=3.7"
files = [
    {file = "docutils-0.20.1-py3-none-any.whl", hash = "sha256:96f387a2c5562db4476f09f13bbab2192e764cac08ebbf3a34a95d9b1e4a59d6"},
    {file = "docutils-0.20.1.tar.gz", hash = "sha256:f08a4e276c3a1583a86dce3e34aba3fe04d02bba2dd51ed16106244e8a923e3b"},
]

[[package]]
name = "gnupg"
version = "2.3.1"
description = "A Python wrapper for GnuPG"
optional = false
python-versions = "*"
files = [
    {file = "gnupg-2.3.1.tar.gz", hash = "sha256:8db5a05c369dbc231dab4c98515ce828f2dffdc14f1534441a6c59b71c6d2031"},
]

[package.dependencies]
psutil = ">=1.2.1"

[package.extras]
docs = ["Sphinx (>=1.1)", "sphinxcontrib-fulltoc (==1.0)"]

[[package]]
name = "numpy"
version = "1.26.2"
description = "Fundamental package for array computing in Python"
optional = false
python-versions = ">=3.9"
files = [
    {file = "numpy-1.26.2-cp310-cp310-macosx_10_9_x86_64.whl", hash = "sha256:3703fc9258a4a122d17043e57b35e5ef1c5a5837c3db8be396c82e04c1cf9b0f"},
    {file = "numpy-1.26.2-cp310-cp310-macosx_11_0_arm64.whl", hash = "sha256:cc392fdcbd21d4be6ae1bb4475a03ce3b025cd49a9be5345d76d7585aea69440"},
    {file = "numpy-1.26.2-cp310-cp310-manylinux_2_17_aarch64.manylinux2014_aarch64.whl", hash = "sha256:36340109af8da8805d8851ef1d74761b3b88e81a9bd80b290bbfed61bd2b4f75"},
    {file = "numpy-1.26.2-cp310-cp310-manylinux_2_17_x86_64.manylinux2014_x86_64.whl", hash = "sha256:bcc008217145b3d77abd3e4d5ef586e3bdfba8fe17940769f8aa09b99e856c00"},
    {file = "numpy-1.26.2-cp310-cp310-musllinux_1_1_aarch64.whl", hash = "sha256:3ced40d4e9e18242f70dd02d739e44698df3dcb010d31f495ff00a31ef6014fe"},
    {file = "numpy-1.26.2-cp310-cp310-musllinux_1_1_x86_64.whl", hash = "sha256:b272d4cecc32c9e19911891446b72e986157e6a1809b7b56518b4f3755267523"},
    {file = "numpy-1.26.2-cp310-cp310-win32.whl", hash = "sha256:22f8fc02fdbc829e7a8c578dd8d2e15a9074b630d4da29cda483337e300e3ee9"},
    {file = "numpy-1.26.2-cp310-cp310-win_amd64.whl", hash = "sha256:26c9d33f8e8b846d5a65dd068c14e04018d05533b348d9eaeef6c1bd787f9919"},
    {file = "numpy-1.26.2-cp311-cp311-macosx_10_9_x86_64.whl", hash = "sha256:b96e7b9c624ef3ae2ae0e04fa9b460f6b9f17ad8b4bec6d7756510f1f6c0c841"},
    {file = "numpy-1.26.2-cp311-cp311-macosx_11_0_arm64.whl", hash = "sha256:aa18428111fb9a591d7a9cc1b48150097ba6a7e8299fb56bdf574df650e7d1f1"},
    {file = "numpy-1.26.2-cp311-cp311-manylinux_2_17_aarch64.manylinux2014_aarch64.whl", hash = "sha256:06fa1ed84aa60ea6ef9f91ba57b5ed963c3729534e6e54055fc151fad0423f0a"},
    {file = "numpy-1.26.2-cp311-cp311-manylinux_2_17_x86_64.manylinux2014_x86_64.whl", hash = "sha256:96ca5482c3dbdd051bcd1fce8034603d6ebfc125a7bd59f55b40d8f5d246832b"},
    {file = "numpy-1.26.2-cp311-cp311-musllinux_1_1_aarch64.whl", hash = "sha256:854ab91a2906ef29dc3925a064fcd365c7b4da743f84b123002f6139bcb3f8a7"},
    {file = "numpy-1.26.2-cp311-cp311-musllinux_1_1_x86_64.whl", hash = "sha256:f43740ab089277d403aa07567be138fc2a89d4d9892d113b76153e0e412409f8"},
    {file = "numpy-1.26.2-cp311-cp311-win32.whl", hash = "sha256:a2bbc29fcb1771cd7b7425f98b05307776a6baf43035d3b80c4b0f29e9545186"},
    {file = "numpy-1.26.2-cp311-cp311-win_amd64.whl", hash = "sha256:2b3fca8a5b00184828d12b073af4d0fc5fdd94b1632c2477526f6bd7842d700d"},
    {file = "numpy-1.26.2-cp312-cp312-macosx_10_9_x86_64.whl", hash = "sha256:a4cd6ed4a339c21f1d1b0fdf13426cb3b284555c27ac2f156dfdaaa7e16bfab0"},
    {file = "numpy-1.26.2-cp312-cp312-macosx_11_0_arm64.whl", hash = "sha256:5d5244aabd6ed7f312268b9247be47343a654ebea52a60f002dc70c769048e75"},
    {file = "numpy-1.26.2-cp312-cp312-manylinux_2_17_aarch64.manylinux2014_aarch64.whl", hash = "sha256:6a3cdb4d9c70e6b8c0814239ead47da00934666f668426fc6e94cce869e13fd7"},
    {file = "numpy-1.26.2-cp312-cp312-manylinux_2_17_x86_64.manylinux2014_x86_64.whl", hash = "sha256:aa317b2325f7aa0a9471663e6093c210cb2ae9c0ad824732b307d2c51983d5b6"},
    {file = "numpy-1.26.2-cp312-cp312-musllinux_1_1_aarch64.whl", hash = "sha256:174a8880739c16c925799c018f3f55b8130c1f7c8e75ab0a6fa9d41cab092fd6"},
    {file = "numpy-1.26.2-cp312-cp312-musllinux_1_1_x86_64.whl", hash = "sha256:f79b231bf5c16b1f39c7f4875e1ded36abee1591e98742b05d8a0fb55d8a3eec"},
    {file = "numpy-1.26.2-cp312-cp312-win32.whl", hash = "sha256:4a06263321dfd3598cacb252f51e521a8cb4b6df471bb12a7ee5cbab20ea9167"},
    {file = "numpy-1.26.2-cp312-cp312-win_amd64.whl", hash = "sha256:b04f5dc6b3efdaab541f7857351aac359e6ae3c126e2edb376929bd3b7f92d7e"},
    {file = "numpy-1.26.2-cp39-cp39-macosx_10_9_x86_64.whl", hash = "sha256:4eb8df4bf8d3d90d091e0146f6c28492b0be84da3e409ebef54349f71ed271ef"},
    {file = "numpy-1.26.2-cp39-cp39-macosx_11_0_arm64.whl", hash = "sha256:1a13860fdcd95de7cf58bd6f8bc5a5ef81c0b0625eb2c9a783948847abbef2c2"},
    {file = "numpy-1.26.2-cp39-cp39-manylinux_2_17_aarch64.manylinux2014_aarch64.whl", hash = "sha256:64308ebc366a8ed63fd0bf426b6a9468060962f1a4339ab1074c228fa6ade8e3"},
    {file = "numpy-1.26.2-cp39-cp39-manylinux_2_17_x86_64.manylinux2014_x86_64.whl", hash = "sha256:baf8aab04a2c0e859da118f0b38617e5ee65d75b83795055fb66c0d5e9e9b818"},
    {file = "numpy-1.26.2-cp39-cp39-musllinux_1_1_aarch64.whl", hash = "sha256:d73a3abcac238250091b11caef9ad12413dab01669511779bc9b29261dd50210"},
    {file = "numpy-1.26.2-cp39-cp39-musllinux_1_1_x86_64.whl", hash = "sha256:b361d369fc7e5e1714cf827b731ca32bff8d411212fccd29ad98ad622449cc36"},
    {file = "numpy-1.26.2-cp39-cp39-win32.whl", hash = "sha256:bd3f0091e845164a20bd5a326860c840fe2af79fa12e0469a12768a3ec578d80"},
    {file = "numpy-1.26.2-cp39-cp39-win_amd64.whl", hash = "sha256:2beef57fb031dcc0dc8fa4fe297a742027b954949cabb52a2a376c144e5e6060"},
    {file = "numpy-1.26.2-pp39-pypy39_pp73-macosx_10_9_x86_64.whl", hash = "sha256:1cc3d5029a30fb5f06704ad6b23b35e11309491c999838c31f124fee32107c79"},
    {file = "numpy-1.26.2-pp39-pypy39_pp73-manylinux_2_17_x86_64.manylinux2014_x86_64.whl", hash = "sha256:94cc3c222bb9fb5a12e334d0479b97bb2df446fbe622b470928f5284ffca3f8d"},
    {file = "numpy-1.26.2-pp39-pypy39_pp73-win_amd64.whl", hash = "sha256:fe6b44fb8fcdf7eda4ef4461b97b3f63c466b27ab151bec2366db8b197387841"},
    {file = "numpy-1.26.2.tar.gz", hash = "sha256:f65738447676ab5777f11e6bbbdb8ce11b785e105f690bc45966574816b6d3ea"},
]

[[package]]
name = "psutil"
version = "5.9.6"
description = "Cross-platform lib for process and system monitoring in Python."
optional = false
python-versions = ">=2.7, !=3.0.*, !=3.1.*, !=3.2.*, !=3.3.*, !=3.4.*, !=3.5.*"
files = [
    {file = "psutil-5.9.6-cp27-cp27m-macosx_10_9_x86_64.whl", hash = "sha256:fb8a697f11b0f5994550555fcfe3e69799e5b060c8ecf9e2f75c69302cc35c0d"},
    {file = "psutil-5.9.6-cp27-cp27m-manylinux2010_i686.whl", hash = "sha256:91ecd2d9c00db9817a4b4192107cf6954addb5d9d67a969a4f436dbc9200f88c"},
    {file = "psutil-5.9.6-cp27-cp27m-manylinux2010_x86_64.whl", hash = "sha256:10e8c17b4f898d64b121149afb136c53ea8b68c7531155147867b7b1ac9e7e28"},
    {file = "psutil-5.9.6-cp27-cp27mu-manylinux2010_i686.whl", hash = "sha256:18cd22c5db486f33998f37e2bb054cc62fd06646995285e02a51b1e08da97017"},
    {file = "psutil-5.9.6-cp27-cp27mu-manylinux2010_x86_64.whl", hash = "sha256:ca2780f5e038379e520281e4c032dddd086906ddff9ef0d1b9dcf00710e5071c"},
    {file = "psutil-5.9.6-cp27-none-win32.whl", hash = "sha256:70cb3beb98bc3fd5ac9ac617a327af7e7f826373ee64c80efd4eb2856e5051e9"},
    {file = "psutil-5.9.6-cp27-none-win_amd64.whl", hash = "sha256:51dc3d54607c73148f63732c727856f5febec1c7c336f8f41fcbd6315cce76ac"},
    {file = "psutil-5.9.6-cp36-abi3-macosx_10_9_x86_64.whl", hash = "sha256:c69596f9fc2f8acd574a12d5f8b7b1ba3765a641ea5d60fb4736bf3c08a8214a"},
    {file = "psutil-5.9.6-cp36-abi3-manylinux_2_12_i686.manylinux2010_i686.manylinux_2_17_i686.manylinux2014_i686.whl", hash = "sha256:92e0cc43c524834af53e9d3369245e6cc3b130e78e26100d1f63cdb0abeb3d3c"},
    {file = "psutil-5.9.6-cp36-abi3-manylinux_2_12_x86_64.manylinux2010_x86_64.manylinux_2_17_x86_64.manylinux2014_x86_64.whl", hash = "sha256:748c9dd2583ed86347ed65d0035f45fa8c851e8d90354c122ab72319b5f366f4"},
    {file = "psutil-5.9.6-cp36-cp36m-win32.whl", hash = "sha256:3ebf2158c16cc69db777e3c7decb3c0f43a7af94a60d72e87b2823aebac3d602"},
    {file = "psutil-5.9.6-cp36-cp36m-win_amd64.whl", hash = "sha256:ff18b8d1a784b810df0b0fff3bcb50ab941c3b8e2c8de5726f9c71c601c611aa"},
    {file = "psutil-5.9.6-cp37-abi3-win32.whl", hash = "sha256:a6f01f03bf1843280f4ad16f4bde26b817847b4c1a0db59bf6419807bc5ce05c"},
    {file = "psutil-5.9.6-cp37-abi3-win_amd64.whl", hash = "sha256:6e5fb8dc711a514da83098bc5234264e551ad980cec5f85dabf4d38ed6f15e9a"},
    {file = "psutil-5.9.6-cp38-abi3-macosx_11_0_arm64.whl", hash = "sha256:daecbcbd29b289aac14ece28eca6a3e60aa361754cf6da3dfb20d4d32b6c7f57"},
    {file = "psutil-5.9.6.tar.gz", hash = "sha256:e4b92ddcd7dd4cdd3f900180ea1e104932c7bce234fb88976e2a3b296441225a"},
]

[package.extras]
test = ["enum34", "ipaddress", "mock", "pywin32", "wmi"]

[[package]]
name = "pycryptodome"
version = "3.19.0"
description = "Cryptographic library for Python"
optional = false
python-versions = ">=2.7, !=3.0.*, !=3.1.*, !=3.2.*, !=3.3.*, !=3.4.*"
files = [
    {file = "pycryptodome-3.19.0-cp27-cp27m-macosx_10_9_x86_64.whl", hash = "sha256:3006c44c4946583b6de24fe0632091c2653d6256b99a02a3db71ca06472ea1e4"},
    {file = "pycryptodome-3.19.0-cp27-cp27m-manylinux2010_i686.whl", hash = "sha256:7c760c8a0479a4042111a8dd2f067d3ae4573da286c53f13cf6f5c53a5c1f631"},
    {file = "pycryptodome-3.19.0-cp27-cp27m-manylinux2010_x86_64.whl", hash = "sha256:08ce3558af5106c632baf6d331d261f02367a6bc3733086ae43c0f988fe042db"},
    {file = "pycryptodome-3.19.0-cp27-cp27m-manylinux_2_17_aarch64.manylinux2014_aarch64.whl", hash = "sha256:45430dfaf1f421cf462c0dd824984378bef32b22669f2635cb809357dbaab405"},
    {file = "pycryptodome-3.19.0-cp27-cp27m-musllinux_1_1_aarch64.whl", hash = "sha256:a9bcd5f3794879e91970f2bbd7d899780541d3ff439d8f2112441769c9f2ccea"},
    {file = "pycryptodome-3.19.0-cp27-cp27m-win32.whl", hash = "sha256:190c53f51e988dceb60472baddce3f289fa52b0ec38fbe5fd20dd1d0f795c551"},
    {file = "pycryptodome-3.19.0-cp27-cp27m-win_amd64.whl", hash = "sha256:22e0ae7c3a7f87dcdcf302db06ab76f20e83f09a6993c160b248d58274473bfa"},
    {file = "pycryptodome-3.19.0-cp27-cp27mu-manylinux2010_i686.whl", hash = "sha256:7822f36d683f9ad7bc2145b2c2045014afdbbd1d9922a6d4ce1cbd6add79a01e"},
    {file = "pycryptodome-3.19.0-cp27-cp27mu-manylinux2010_x86_64.whl", hash = "sha256:05e33267394aad6db6595c0ce9d427fe21552f5425e116a925455e099fdf759a"},
    {file = "pycryptodome-3.19.0-cp27-cp27mu-manylinux_2_17_aarch64.manylinux2014_aarch64.whl", hash = "sha256:829b813b8ee00d9c8aba417621b94bc0b5efd18c928923802ad5ba4cf1ec709c"},
    {file = "pycryptodome-3.19.0-cp27-cp27mu-musllinux_1_1_aarch64.whl", hash = "sha256:fc7a79590e2b5d08530175823a242de6790abc73638cc6dc9d2684e7be2f5e49"},
    {file = "pycryptodome-3.19.0-cp35-abi3-macosx_10_9_universal2.whl", hash = "sha256:542f99d5026ac5f0ef391ba0602f3d11beef8e65aae135fa5b762f5ebd9d3bfb"},
    {file = "pycryptodome-3.19.0-cp35-abi3-macosx_10_9_x86_64.whl", hash = "sha256:61bb3ccbf4bf32ad9af32da8badc24e888ae5231c617947e0f5401077f8b091f"},
    {file = "pycryptodome-3.19.0-cp35-abi3-manylinux_2_17_aarch64.manylinux2014_aarch64.whl", hash = "sha256:d49a6c715d8cceffedabb6adb7e0cbf41ae1a2ff4adaeec9432074a80627dea1"},
    {file = "pycryptodome-3.19.0-cp35-abi3-manylinux_2_17_x86_64.manylinux2014_x86_64.whl", hash = "sha256:e249a784cc98a29c77cea9df54284a44b40cafbfae57636dd2f8775b48af2434"},
    {file = "pycryptodome-3.19.0-cp35-abi3-manylinux_2_5_i686.manylinux1_i686.manylinux_2_17_i686.manylinux2014_i686.whl", hash = "sha256:d033947e7fd3e2ba9a031cb2d267251620964705a013c5a461fa5233cc025270"},
    {file = "pycryptodome-3.19.0-cp35-abi3-musllinux_1_1_aarch64.whl", hash = "sha256:84c3e4fffad0c4988aef0d5591be3cad4e10aa7db264c65fadbc633318d20bde"},
    {file = "pycryptodome-3.19.0-cp35-abi3-musllinux_1_1_i686.whl", hash = "sha256:139ae2c6161b9dd5d829c9645d781509a810ef50ea8b657e2257c25ca20efe33"},
    {file = "pycryptodome-3.19.0-cp35-abi3-musllinux_1_1_x86_64.whl", hash = "sha256:5b1986c761258a5b4332a7f94a83f631c1ffca8747d75ab8395bf2e1b93283d9"},
    {file = "pycryptodome-3.19.0-cp35-abi3-win32.whl", hash = "sha256:536f676963662603f1f2e6ab01080c54d8cd20f34ec333dcb195306fa7826997"},
    {file = "pycryptodome-3.19.0-cp35-abi3-win_amd64.whl", hash = "sha256:04dd31d3b33a6b22ac4d432b3274588917dcf850cc0c51c84eca1d8ed6933810"},
    {file = "pycryptodome-3.19.0-pp27-pypy_73-manylinux2010_x86_64.whl", hash = "sha256:8999316e57abcbd8085c91bc0ef75292c8618f41ca6d2b6132250a863a77d1e7"},
    {file = "pycryptodome-3.19.0-pp27-pypy_73-win32.whl", hash = "sha256:a0ab84755f4539db086db9ba9e9f3868d2e3610a3948cbd2a55e332ad83b01b0"},
    {file = "pycryptodome-3.19.0-pp310-pypy310_pp73-macosx_10_9_x86_64.whl", hash = "sha256:0101f647d11a1aae5a8ce4f5fad6644ae1b22bb65d05accc7d322943c69a74a6"},
    {file = "pycryptodome-3.19.0-pp310-pypy310_pp73-manylinux_2_17_x86_64.manylinux2014_x86_64.whl", hash = "sha256:8c1601e04d32087591d78e0b81e1e520e57a92796089864b20e5f18c9564b3fa"},
    {file = "pycryptodome-3.19.0-pp310-pypy310_pp73-manylinux_2_5_i686.manylinux1_i686.manylinux_2_17_i686.manylinux2014_i686.whl", hash = "sha256:506c686a1eee6c00df70010be3b8e9e78f406af4f21b23162bbb6e9bdf5427bc"},
    {file = "pycryptodome-3.19.0-pp310-pypy310_pp73-win_amd64.whl", hash = "sha256:7919ccd096584b911f2a303c593280869ce1af9bf5d36214511f5e5a1bed8c34"},
    {file = "pycryptodome-3.19.0-pp39-pypy39_pp73-macosx_10_9_x86_64.whl", hash = "sha256:560591c0777f74a5da86718f70dfc8d781734cf559773b64072bbdda44b3fc3e"},
    {file = "pycryptodome-3.19.0-pp39-pypy39_pp73-manylinux_2_17_x86_64.manylinux2014_x86_64.whl", hash = "sha256:c1cc2f2ae451a676def1a73c1ae9120cd31af25db3f381893d45f75e77be2400"},
    {file = "pycryptodome-3.19.0-pp39-pypy39_pp73-manylinux_2_5_i686.manylinux1_i686.manylinux_2_17_i686.manylinux2014_i686.whl", hash = "sha256:17940dcf274fcae4a54ec6117a9ecfe52907ed5e2e438fe712fe7ca502672ed5"},
    {file = "pycryptodome-3.19.0-pp39-pypy39_pp73-win_amd64.whl", hash = "sha256:d04f5f623a280fbd0ab1c1d8ecbd753193ab7154f09b6161b0f857a1a676c15f"},
    {file = "pycryptodome-3.19.0.tar.gz", hash = "sha256:bc35d463222cdb4dbebd35e0784155c81e161b9284e567e7e933d722e533331e"},
]

[[package]]
name = "pycryptodomex"
version = "3.19.0"
description = "Cryptographic library for Python"
optional = false
python-versions = ">=2.7, !=3.0.*, !=3.1.*, !=3.2.*, !=3.3.*, !=3.4.*"
files = [
    {file = "pycryptodomex-3.19.0-cp27-cp27m-macosx_10_9_x86_64.whl", hash = "sha256:ff64fd720def623bf64d8776f8d0deada1cc1bf1ec3c1f9d6f5bb5bd098d034f"},
    {file = "pycryptodomex-3.19.0-cp27-cp27m-manylinux2010_i686.whl", hash = "sha256:61056a1fd3254f6f863de94c233b30dd33bc02f8c935b2000269705f1eeeffa4"},
    {file = "pycryptodomex-3.19.0-cp27-cp27m-manylinux2010_x86_64.whl", hash = "sha256:258c4233a3fe5a6341780306a36c6fb072ef38ce676a6d41eec3e591347919e8"},
    {file = "pycryptodomex-3.19.0-cp27-cp27m-manylinux_2_17_aarch64.manylinux2014_aarch64.whl", hash = "sha256:6e45bb4635b3c4e0a00ca9df75ef6295838c85c2ac44ad882410cb631ed1eeaa"},
    {file = "pycryptodomex-3.19.0-cp27-cp27m-musllinux_1_1_aarch64.whl", hash = "sha256:a12144d785518f6491ad334c75ccdc6ad52ea49230b4237f319dbb7cef26f464"},
    {file = "pycryptodomex-3.19.0-cp27-cp27m-win32.whl", hash = "sha256:1789d89f61f70a4cd5483d4dfa8df7032efab1118f8b9894faae03c967707865"},
    {file = "pycryptodomex-3.19.0-cp27-cp27m-win_amd64.whl", hash = "sha256:eb2fc0ec241bf5e5ef56c8fbec4a2634d631e4c4f616a59b567947a0f35ad83c"},
    {file = "pycryptodomex-3.19.0-cp27-cp27mu-manylinux2010_i686.whl", hash = "sha256:c9a68a2f7bd091ccea54ad3be3e9d65eded813e6d79fdf4cc3604e26cdd6384f"},
    {file = "pycryptodomex-3.19.0-cp27-cp27mu-manylinux2010_x86_64.whl", hash = "sha256:8df69e41f7e7015a90b94d1096ec3d8e0182e73449487306709ec27379fff761"},
    {file = "pycryptodomex-3.19.0-cp27-cp27mu-manylinux_2_17_aarch64.manylinux2014_aarch64.whl", hash = "sha256:917033016ecc23c8933205585a0ab73e20020fdf671b7cd1be788a5c4039840b"},
    {file = "pycryptodomex-3.19.0-cp27-cp27mu-musllinux_1_1_aarch64.whl", hash = "sha256:e8e5ecbd4da4157889fce8ba49da74764dd86c891410bfd6b24969fa46edda51"},
    {file = "pycryptodomex-3.19.0-cp35-abi3-macosx_10_9_universal2.whl", hash = "sha256:a77b79852175064c822b047fee7cf5a1f434f06ad075cc9986aa1c19a0c53eb0"},
    {file = "pycryptodomex-3.19.0-cp35-abi3-macosx_10_9_x86_64.whl", hash = "sha256:5b883e1439ab63af976656446fb4839d566bb096f15fc3c06b5a99cde4927188"},
    {file = "pycryptodomex-3.19.0-cp35-abi3-manylinux_2_17_aarch64.manylinux2014_aarch64.whl", hash = "sha256:a3866d68e2fc345162b1b9b83ef80686acfe5cec0d134337f3b03950a0a8bf56"},
    {file = "pycryptodomex-3.19.0-cp35-abi3-manylinux_2_17_x86_64.manylinux2014_x86_64.whl", hash = "sha256:c74eb1f73f788facece7979ce91594dc177e1a9b5d5e3e64697dd58299e5cb4d"},
    {file = "pycryptodomex-3.19.0-cp35-abi3-manylinux_2_5_i686.manylinux1_i686.manylinux_2_17_i686.manylinux2014_i686.whl", hash = "sha256:7cb51096a6a8d400724104db8a7e4f2206041a1f23e58924aa3d8d96bcb48338"},
    {file = "pycryptodomex-3.19.0-cp35-abi3-musllinux_1_1_aarch64.whl", hash = "sha256:a588a1cb7781da9d5e1c84affd98c32aff9c89771eac8eaa659d2760666f7139"},
    {file = "pycryptodomex-3.19.0-cp35-abi3-musllinux_1_1_i686.whl", hash = "sha256:d4dd3b381ff5a5907a3eb98f5f6d32c64d319a840278ceea1dcfcc65063856f3"},
    {file = "pycryptodomex-3.19.0-cp35-abi3-musllinux_1_1_x86_64.whl", hash = "sha256:263de9a96d2fcbc9f5bd3a279f14ea0d5f072adb68ebd324987576ec25da084d"},
    {file = "pycryptodomex-3.19.0-cp35-abi3-win32.whl", hash = "sha256:67c8eb79ab33d0fbcb56842992298ddb56eb6505a72369c20f60bc1d2b6fb002"},
    {file = "pycryptodomex-3.19.0-cp35-abi3-win_amd64.whl", hash = "sha256:09c9401dc06fb3d94cb1ec23b4ea067a25d1f4c6b7b118ff5631d0b5daaab3cc"},
    {file = "pycryptodomex-3.19.0-pp27-pypy_73-manylinux2010_x86_64.whl", hash = "sha256:edbe083c299835de7e02c8aa0885cb904a75087d35e7bab75ebe5ed336e8c3e2"},
    {file = "pycryptodomex-3.19.0-pp27-pypy_73-win32.whl", hash = "sha256:136b284e9246b4ccf4f752d435c80f2c44fc2321c198505de1d43a95a3453b3c"},
    {file = "pycryptodomex-3.19.0-pp310-pypy310_pp73-macosx_10_9_x86_64.whl", hash = "sha256:5d73e9fa3fe830e7b6b42afc49d8329b07a049a47d12e0ef9225f2fd220f19b2"},
    {file = "pycryptodomex-3.19.0-pp310-pypy310_pp73-manylinux_2_17_x86_64.manylinux2014_x86_64.whl", hash = "sha256:0b2f1982c5bc311f0aab8c293524b861b485d76f7c9ab2c3ac9a25b6f7655975"},
    {file = "pycryptodomex-3.19.0-pp310-pypy310_pp73-manylinux_2_5_i686.manylinux1_i686.manylinux_2_17_i686.manylinux2014_i686.whl", hash = "sha256:bfb040b5dda1dff1e197d2ef71927bd6b8bfcb9793bc4dfe0bb6df1e691eaacb"},
    {file = "pycryptodomex-3.19.0-pp310-pypy310_pp73-win_amd64.whl", hash = "sha256:800a2b05cfb83654df80266692f7092eeefe2a314fa7901dcefab255934faeec"},
    {file = "pycryptodomex-3.19.0-pp39-pypy39_pp73-macosx_10_9_x86_64.whl", hash = "sha256:c01678aee8ac0c1a461cbc38ad496f953f9efcb1fa19f5637cbeba7544792a53"},
    {file = "pycryptodomex-3.19.0-pp39-pypy39_pp73-manylinux_2_17_x86_64.manylinux2014_x86_64.whl", hash = "sha256:2126bc54beccbede6eade00e647106b4f4c21e5201d2b0a73e9e816a01c50905"},
    {file = "pycryptodomex-3.19.0-pp39-pypy39_pp73-manylinux_2_5_i686.manylinux1_i686.manylinux_2_17_i686.manylinux2014_i686.whl", hash = "sha256:b801216c48c0886742abf286a9a6b117e248ca144d8ceec1f931ce2dd0c9cb40"},
    {file = "pycryptodomex-3.19.0-pp39-pypy39_pp73-win_amd64.whl", hash = "sha256:50cb18d4dd87571006fd2447ccec85e6cec0136632a550aa29226ba075c80644"},
    {file = "pycryptodomex-3.19.0.tar.gz", hash = "sha256:af83a554b3f077564229865c45af0791be008ac6469ef0098152139e6bd4b5b6"},
]

[[package]]
name = "pyparsing"
version = "3.1.1"
description = "pyparsing module - Classes and methods to define and execute parsing grammars"
optional = false
python-versions = ">=3.6.8"
files = [
    {file = "pyparsing-3.1.1-py3-none-any.whl", hash = "sha256:32c7c0b711493c72ff18a981d24f28aaf9c1fb7ed5e9667c9e84e3db623bdbfb"},
    {file = "pyparsing-3.1.1.tar.gz", hash = "sha256:ede28a1a32462f5a9705e07aea48001a08f7cf81a021585011deba701581a0db"},
]

[package.extras]
diagrams = ["jinja2", "railroad-diagrams"]

[[package]]
name = "pyrosbag"
version = "0.1.3"
description = "Programmatically control ROS Bag files with Python"
optional = false
python-versions = "*"
files = [
    {file = "pyrosbag-0.1.3-py2.py3-none-any.whl", hash = "sha256:624dcf8ce27b9b08a53ffcd1b9dea1170493d0338c0e65cd01da0e2201f0a01f"},
    {file = "pyrosbag-0.1.3.tar.gz", hash = "sha256:798ff689d70e3b74533397ab0b93032559b650e365833c85401a29198857eac4"},
]

[[package]]
name = "python-dateutil"
version = "2.8.2"
description = "Extensions to the standard Python datetime module"
optional = false
python-versions = "!=3.0.*,!=3.1.*,!=3.2.*,>=2.7"
files = [
    {file = "python-dateutil-2.8.2.tar.gz", hash = "sha256:0123cacc1627ae19ddf3c27a5de5bd67ee4586fbdd6440d9748f8abb483d3e86"},
    {file = "python_dateutil-2.8.2-py2.py3-none-any.whl", hash = "sha256:961d03dc3453ebbc59dbdea9e4e11c5651520a876d0f4db161e8674aae935da9"},
]

[package.dependencies]
six = ">=1.5"

[[package]]
name = "pyyaml"
version = "6.0.1"
description = "YAML parser and emitter for Python"
optional = false
python-versions = ">=3.6"
files = [
    {file = "PyYAML-6.0.1-cp310-cp310-macosx_10_9_x86_64.whl", hash = "sha256:d858aa552c999bc8a8d57426ed01e40bef403cd8ccdd0fc5f6f04a00414cac2a"},
    {file = "PyYAML-6.0.1-cp310-cp310-macosx_11_0_arm64.whl", hash = "sha256:fd66fc5d0da6d9815ba2cebeb4205f95818ff4b79c3ebe268e75d961704af52f"},
    {file = "PyYAML-6.0.1-cp310-cp310-manylinux_2_17_aarch64.manylinux2014_aarch64.whl", hash = "sha256:69b023b2b4daa7548bcfbd4aa3da05b3a74b772db9e23b982788168117739938"},
    {file = "PyYAML-6.0.1-cp310-cp310-manylinux_2_17_s390x.manylinux2014_s390x.whl", hash = "sha256:81e0b275a9ecc9c0c0c07b4b90ba548307583c125f54d5b6946cfee6360c733d"},
    {file = "PyYAML-6.0.1-cp310-cp310-manylinux_2_17_x86_64.manylinux2014_x86_64.whl", hash = "sha256:ba336e390cd8e4d1739f42dfe9bb83a3cc2e80f567d8805e11b46f4a943f5515"},
    {file = "PyYAML-6.0.1-cp310-cp310-musllinux_1_1_x86_64.whl", hash = "sha256:326c013efe8048858a6d312ddd31d56e468118ad4cdeda36c719bf5bb6192290"},
    {file = "PyYAML-6.0.1-cp310-cp310-win32.whl", hash = "sha256:bd4af7373a854424dabd882decdc5579653d7868b8fb26dc7d0e99f823aa5924"},
    {file = "PyYAML-6.0.1-cp310-cp310-win_amd64.whl", hash = "sha256:fd1592b3fdf65fff2ad0004b5e363300ef59ced41c2e6b3a99d4089fa8c5435d"},
    {file = "PyYAML-6.0.1-cp311-cp311-macosx_10_9_x86_64.whl", hash = "sha256:6965a7bc3cf88e5a1c3bd2e0b5c22f8d677dc88a455344035f03399034eb3007"},
    {file = "PyYAML-6.0.1-cp311-cp311-macosx_11_0_arm64.whl", hash = "sha256:f003ed9ad21d6a4713f0a9b5a7a0a79e08dd0f221aff4525a2be4c346ee60aab"},
    {file = "PyYAML-6.0.1-cp311-cp311-manylinux_2_17_aarch64.manylinux2014_aarch64.whl", hash = "sha256:42f8152b8dbc4fe7d96729ec2b99c7097d656dc1213a3229ca5383f973a5ed6d"},
    {file = "PyYAML-6.0.1-cp311-cp311-manylinux_2_17_s390x.manylinux2014_s390x.whl", hash = "sha256:062582fca9fabdd2c8b54a3ef1c978d786e0f6b3a1510e0ac93ef59e0ddae2bc"},
    {file = "PyYAML-6.0.1-cp311-cp311-manylinux_2_17_x86_64.manylinux2014_x86_64.whl", hash = "sha256:d2b04aac4d386b172d5b9692e2d2da8de7bfb6c387fa4f801fbf6fb2e6ba4673"},
    {file = "PyYAML-6.0.1-cp311-cp311-musllinux_1_1_x86_64.whl", hash = "sha256:e7d73685e87afe9f3b36c799222440d6cf362062f78be1013661b00c5c6f678b"},
    {file = "PyYAML-6.0.1-cp311-cp311-win32.whl", hash = "sha256:1635fd110e8d85d55237ab316b5b011de701ea0f29d07611174a1b42f1444741"},
    {file = "PyYAML-6.0.1-cp311-cp311-win_amd64.whl", hash = "sha256:bf07ee2fef7014951eeb99f56f39c9bb4af143d8aa3c21b1677805985307da34"},
    {file = "PyYAML-6.0.1-cp312-cp312-macosx_10_9_x86_64.whl", hash = "sha256:855fb52b0dc35af121542a76b9a84f8d1cd886ea97c84703eaa6d88e37a2ad28"},
    {file = "PyYAML-6.0.1-cp312-cp312-macosx_11_0_arm64.whl", hash = "sha256:40df9b996c2b73138957fe23a16a4f0ba614f4c0efce1e9406a184b6d07fa3a9"},
    {file = "PyYAML-6.0.1-cp312-cp312-manylinux_2_17_x86_64.manylinux2014_x86_64.whl", hash = "sha256:6c22bec3fbe2524cde73d7ada88f6566758a8f7227bfbf93a408a9d86bcc12a0"},
    {file = "PyYAML-6.0.1-cp312-cp312-musllinux_1_1_x86_64.whl", hash = "sha256:8d4e9c88387b0f5c7d5f281e55304de64cf7f9c0021a3525bd3b1c542da3b0e4"},
    {file = "PyYAML-6.0.1-cp312-cp312-win32.whl", hash = "sha256:d483d2cdf104e7c9fa60c544d92981f12ad66a457afae824d146093b8c294c54"},
    {file = "PyYAML-6.0.1-cp312-cp312-win_amd64.whl", hash = "sha256:0d3304d8c0adc42be59c5f8a4d9e3d7379e6955ad754aa9d6ab7a398b59dd1df"},
    {file = "PyYAML-6.0.1-cp36-cp36m-macosx_10_9_x86_64.whl", hash = "sha256:50550eb667afee136e9a77d6dc71ae76a44df8b3e51e41b77f6de2932bfe0f47"},
    {file = "PyYAML-6.0.1-cp36-cp36m-manylinux_2_17_aarch64.manylinux2014_aarch64.whl", hash = "sha256:1fe35611261b29bd1de0070f0b2f47cb6ff71fa6595c077e42bd0c419fa27b98"},
    {file = "PyYAML-6.0.1-cp36-cp36m-manylinux_2_17_s390x.manylinux2014_s390x.whl", hash = "sha256:704219a11b772aea0d8ecd7058d0082713c3562b4e271b849ad7dc4a5c90c13c"},
    {file = "PyYAML-6.0.1-cp36-cp36m-manylinux_2_17_x86_64.manylinux2014_x86_64.whl", hash = "sha256:afd7e57eddb1a54f0f1a974bc4391af8bcce0b444685d936840f125cf046d5bd"},
    {file = "PyYAML-6.0.1-cp36-cp36m-win32.whl", hash = "sha256:fca0e3a251908a499833aa292323f32437106001d436eca0e6e7833256674585"},
    {file = "PyYAML-6.0.1-cp36-cp36m-win_amd64.whl", hash = "sha256:f22ac1c3cac4dbc50079e965eba2c1058622631e526bd9afd45fedd49ba781fa"},
    {file = "PyYAML-6.0.1-cp37-cp37m-macosx_10_9_x86_64.whl", hash = "sha256:b1275ad35a5d18c62a7220633c913e1b42d44b46ee12554e5fd39c70a243d6a3"},
    {file = "PyYAML-6.0.1-cp37-cp37m-manylinux_2_17_aarch64.manylinux2014_aarch64.whl", hash = "sha256:18aeb1bf9a78867dc38b259769503436b7c72f7a1f1f4c93ff9a17de54319b27"},
    {file = "PyYAML-6.0.1-cp37-cp37m-manylinux_2_17_s390x.manylinux2014_s390x.whl", hash = "sha256:596106435fa6ad000c2991a98fa58eeb8656ef2325d7e158344fb33864ed87e3"},
    {file = "PyYAML-6.0.1-cp37-cp37m-manylinux_2_17_x86_64.manylinux2014_x86_64.whl", hash = "sha256:baa90d3f661d43131ca170712d903e6295d1f7a0f595074f151c0aed377c9b9c"},
    {file = "PyYAML-6.0.1-cp37-cp37m-win32.whl", hash = "sha256:9046c58c4395dff28dd494285c82ba00b546adfc7ef001486fbf0324bc174fba"},
    {file = "PyYAML-6.0.1-cp37-cp37m-win_amd64.whl", hash = "sha256:4fb147e7a67ef577a588a0e2c17b6db51dda102c71de36f8549b6816a96e1867"},
    {file = "PyYAML-6.0.1-cp38-cp38-macosx_10_9_x86_64.whl", hash = "sha256:1d4c7e777c441b20e32f52bd377e0c409713e8bb1386e1099c2415f26e479595"},
    {file = "PyYAML-6.0.1-cp38-cp38-manylinux_2_17_aarch64.manylinux2014_aarch64.whl", hash = "sha256:a0cd17c15d3bb3fa06978b4e8958dcdc6e0174ccea823003a106c7d4d7899ac5"},
    {file = "PyYAML-6.0.1-cp38-cp38-manylinux_2_17_s390x.manylinux2014_s390x.whl", hash = "sha256:28c119d996beec18c05208a8bd78cbe4007878c6dd15091efb73a30e90539696"},
    {file = "PyYAML-6.0.1-cp38-cp38-manylinux_2_17_x86_64.manylinux2014_x86_64.whl", hash = "sha256:7e07cbde391ba96ab58e532ff4803f79c4129397514e1413a7dc761ccd755735"},
    {file = "PyYAML-6.0.1-cp38-cp38-musllinux_1_1_x86_64.whl", hash = "sha256:49a183be227561de579b4a36efbb21b3eab9651dd81b1858589f796549873dd6"},
    {file = "PyYAML-6.0.1-cp38-cp38-win32.whl", hash = "sha256:184c5108a2aca3c5b3d3bf9395d50893a7ab82a38004c8f61c258d4428e80206"},
    {file = "PyYAML-6.0.1-cp38-cp38-win_amd64.whl", hash = "sha256:1e2722cc9fbb45d9b87631ac70924c11d3a401b2d7f410cc0e3bbf249f2dca62"},
    {file = "PyYAML-6.0.1-cp39-cp39-macosx_10_9_x86_64.whl", hash = "sha256:9eb6caa9a297fc2c2fb8862bc5370d0303ddba53ba97e71f08023b6cd73d16a8"},
    {file = "PyYAML-6.0.1-cp39-cp39-macosx_11_0_arm64.whl", hash = "sha256:c8098ddcc2a85b61647b2590f825f3db38891662cfc2fc776415143f599bb859"},
    {file = "PyYAML-6.0.1-cp39-cp39-manylinux_2_17_aarch64.manylinux2014_aarch64.whl", hash = "sha256:5773183b6446b2c99bb77e77595dd486303b4faab2b086e7b17bc6bef28865f6"},
    {file = "PyYAML-6.0.1-cp39-cp39-manylinux_2_17_s390x.manylinux2014_s390x.whl", hash = "sha256:b786eecbdf8499b9ca1d697215862083bd6d2a99965554781d0d8d1ad31e13a0"},
    {file = "PyYAML-6.0.1-cp39-cp39-manylinux_2_17_x86_64.manylinux2014_x86_64.whl", hash = "sha256:bc1bf2925a1ecd43da378f4db9e4f799775d6367bdb94671027b73b393a7c42c"},
    {file = "PyYAML-6.0.1-cp39-cp39-musllinux_1_1_x86_64.whl", hash = "sha256:04ac92ad1925b2cff1db0cfebffb6ffc43457495c9b3c39d3fcae417d7125dc5"},
    {file = "PyYAML-6.0.1-cp39-cp39-win32.whl", hash = "sha256:faca3bdcf85b2fc05d06ff3fbc1f83e1391b3e724afa3feba7d13eeab355484c"},
    {file = "PyYAML-6.0.1-cp39-cp39-win_amd64.whl", hash = "sha256:510c9deebc5c0225e8c96813043e62b680ba2f9c50a08d3724c7f28a747d1486"},
    {file = "PyYAML-6.0.1.tar.gz", hash = "sha256:bfdf460b1736c775f2ba9f6a92bca30bc2095067b8a9d77876d1fad6cc3b4a43"},
]

[[package]]
name = "rospkg"
version = "1.5.0"
description = "ROS package library"
optional = false
python-versions = "*"
files = [
    {file = "rospkg-1.5.0-py3-none-any.whl", hash = "sha256:420f2f23a4751ecbd6ab6ab02f1f7ce692f1f9f897b87210cdb59e2a3a00f0f7"},
    {file = "rospkg-1.5.0.tar.gz", hash = "sha256:a51a1415b0cd91ba4e858a2c30cddd51269d7e5a5e1c93eb9482b5bc0792918b"},
]

[package.dependencies]
catkin-pkg = "*"
distro = {version = ">=1.4.0", markers = "python_version >= \"3.8\""}
PyYAML = "*"

[package.extras]
test = ["mock", "pytest"]

[[package]]
name = "rospy2"
version = "1.0.3"
description = "A ROS1-like interface for ROS2."
optional = false
python-versions = "*"
files = [
    {file = "rospy2-1.0.3-py3-none-any.whl", hash = "sha256:247fe69638c9a99aea7b1bd1858be7307cc97156f703dc4556dd54eaffd39f40"},
    {file = "rospy2-1.0.3.tar.gz", hash = "sha256:2c128e94a5e2ace1ec4b7aafd15c540dbd33276f11677697bdf83409ad18452c"},
]

[[package]]
name = "setuptools"
version = "69.0.2"
description = "Easily download, build, install, upgrade, and uninstall Python packages"
optional = false
python-versions = ">=3.8"
files = [
    {file = "setuptools-69.0.2-py3-none-any.whl", hash = "sha256:1e8fdff6797d3865f37397be788a4e3cba233608e9b509382a2777d25ebde7f2"},
    {file = "setuptools-69.0.2.tar.gz", hash = "sha256:735896e78a4742605974de002ac60562d286fa8051a7e2299445e8e8fbb01aa6"},
]

[package.extras]
docs = ["furo", "jaraco.packaging (>=9.3)", "jaraco.tidelift (>=1.4)", "pygments-github-lexers (==0.0.5)", "rst.linker (>=1.9)", "sphinx (<7.2.5)", "sphinx (>=3.5)", "sphinx-favicon", "sphinx-inline-tabs", "sphinx-lint", "sphinx-notfound-page (>=1,<2)", "sphinx-reredirects", "sphinxcontrib-towncrier"]
testing = ["build[virtualenv]", "filelock (>=3.4.0)", "flake8-2020", "ini2toml[lite] (>=0.9)", "jaraco.develop (>=7.21)", "jaraco.envs (>=2.2)", "jaraco.path (>=3.2.0)", "pip (>=19.1)", "pytest (>=6)", "pytest-black (>=0.3.7)", "pytest-checkdocs (>=2.4)", "pytest-cov", "pytest-enabler (>=2.2)", "pytest-mypy (>=0.9.1)", "pytest-perf", "pytest-ruff", "pytest-timeout", "pytest-xdist", "tomli-w (>=1.0.0)", "virtualenv (>=13.0.0)", "wheel"]
testing-integration = ["build[virtualenv] (>=1.0.3)", "filelock (>=3.4.0)", "jaraco.envs (>=2.2)", "jaraco.path (>=3.2.0)", "packaging (>=23.1)", "pytest", "pytest-enabler", "pytest-xdist", "tomli", "virtualenv (>=13.0.0)", "wheel"]

[[package]]
name = "six"
version = "1.16.0"
description = "Python 2 and 3 compatibility utilities"
optional = false
python-versions = ">=2.7, !=3.0.*, !=3.1.*, !=3.2.*"
files = [
    {file = "six-1.16.0-py2.py3-none-any.whl", hash = "sha256:8abb2f1d86890a2dfb989f9a77cfcfd3e47c2a354b01111771326f8aa26e0254"},
    {file = "six-1.16.0.tar.gz", hash = "sha256:1e61c37477a1626458e36f7b1d82aa5c9b094fa4802892072e49de9c60c4c926"},
]

[metadata]
lock-version = "2.0"
python-versions = ">=3.9,<4.0"
content-hash = "cecee820f23823166985fb9a5a469a8f30584970cf48afcce060507015270c18"
